{
  "name": "linguapi-graphql-lambda",
  "version": "0.0.1",
  "lockfileVersion": 1,
  "requires": true,
  "dependencies": {
    "@types/node": {
      "version": "9.4.6",
      "resolved": "http://artifactory.labelinsight.com:80/artifactory/api/npm/npm-virtual/@types/node/-/node-9.4.6.tgz",
      "integrity": "sha1-2Bdthk7kh1PQU3g+TkY67Ia42C4="
    },
    "apollo-cache-control": {
      "version": "0.0.9",
      "resolved": "http://artifactory.labelinsight.com:80/artifactory/api/npm/npm-virtual/apollo-cache-control/-/apollo-cache-control-0.0.9.tgz",
      "integrity": "sha1-dxAPRW+xlSbTO39ZXIqxopgNy7Q=",
      "requires": {
        "graphql-extensions": "0.0.8"
      }
    },
    "apollo-link": {
      "version": "1.2.1",
      "resolved": "http://artifactory.labelinsight.com:80/artifactory/api/npm/npm-virtual/apollo-link/-/apollo-link-1.2.1.tgz",
      "integrity": "sha1-wSCxYFn5vZNAG59yuU0vgPPzBdI=",
      "requires": {
        "@types/node": "9.4.6",
        "apollo-utilities": "1.0.8",
        "zen-observable-ts": "0.8.8"
      }
    },
    "apollo-server-core": {
      "version": "1.3.2",
      "resolved": "http://artifactory.labelinsight.com:80/artifactory/api/npm/npm-virtual/apollo-server-core/-/apollo-server-core-1.3.2.tgz",
      "integrity": "sha1-82hVo+vcLXe4ucRUOAvx1wYQX/w=",
      "requires": {
        "apollo-cache-control": "0.0.9",
        "apollo-tracing": "0.1.3",
        "graphql-extensions": "0.0.8"
      }
    },
    "apollo-server-lambda": {
      "version": "1.3.2",
      "resolved": "http://artifactory.labelinsight.com:80/artifactory/api/npm/npm-virtual/apollo-server-lambda/-/apollo-server-lambda-1.3.2.tgz",
      "integrity": "sha1-vPdfPXEV0RzJiSrTsXQns9U23w8=",
      "requires": {
        "apollo-server-core": "1.3.2",
        "apollo-server-module-graphiql": "1.3.2"
      }
    },
    "apollo-server-module-graphiql": {
      "version": "1.3.2",
      "resolved": "http://artifactory.labelinsight.com:80/artifactory/api/npm/npm-virtual/apollo-server-module-graphiql/-/apollo-server-module-graphiql-1.3.2.tgz",
      "integrity": "sha1-Cp5MSN7OOvkE/uMz+V97mBczXKc="
    },
    "apollo-tracing": {
      "version": "0.1.3",
      "resolved": "http://artifactory.labelinsight.com:80/artifactory/api/npm/npm-virtual/apollo-tracing/-/apollo-tracing-0.1.3.tgz",
      "integrity": "sha1-aCDAZr8g+dmk7d/AI/fIPuJgHws=",
      "requires": {
        "graphql-extensions": "0.0.8"
      }
    },
    "apollo-utilities": {
      "version": "1.0.8",
      "resolved": "http://artifactory.labelinsight.com:80/artifactory/api/npm/npm-virtual/apollo-utilities/-/apollo-utilities-1.0.8.tgz",
      "integrity": "sha1-dNeX04lT0ro14W+IAybiq8vIsBY="
    },
    "core-js": {
      "version": "2.5.3",
      "resolved": "http://artifactory.labelinsight.com:80/artifactory/api/npm/npm-virtual/core-js/-/core-js-2.5.3.tgz",
      "integrity": "sha1-isw4NFgk8W2DZbfJtCWRaOjtYD4="
    },
    "deprecated-decorator": {
      "version": "0.1.6",
      "resolved": "http://artifactory.labelinsight.com:80/artifactory/api/npm/npm-virtual/deprecated-decorator/-/deprecated-decorator-0.1.6.tgz",
      "integrity": "sha1-AJZjF7ehL+kvPMgx91g68ym4bDc="
    },
    "graphql": {
      "version": "0.13.1",
      "resolved": "http://artifactory.labelinsight.com:80/artifactory/api/npm/npm-virtual/graphql/-/graphql-0.13.1.tgz",
      "integrity": "sha1-mz2z2OQNGCfkFyQEv90uTheli1U=",
      "requires": {
        "iterall": "1.2.2"
      }
    },
    "graphql-extensions": {
      "version": "0.0.8",
      "resolved": "http://artifactory.labelinsight.com:80/artifactory/api/npm/npm-virtual/graphql-extensions/-/graphql-extensions-0.0.8.tgz",
      "integrity": "sha1-0U1uBttGan+Q+5fXW2V65zAniwk=",
      "requires": {
        "core-js": "2.5.3",
        "source-map-support": "0.5.3"
      }
    },
    "graphql-tools": {
      "version": "2.21.0",
      "resolved": "http://artifactory.labelinsight.com:80/artifactory/api/npm/npm-virtual/graphql-tools/-/graphql-tools-2.21.0.tgz",
      "integrity": "sha1-wND72m9AqHyNJnopia3irouaKI4=",
      "requires": {
        "apollo-link": "1.2.1",
        "apollo-utilities": "1.0.8",
        "deprecated-decorator": "0.1.6",
        "iterall": "1.2.2",
        "uuid": "3.2.1"
      }
    },
    "iterall": {
      "version": "1.2.2",
      "resolved": "http://artifactory.labelinsight.com:80/artifactory/api/npm/npm-virtual/iterall/-/iterall-1.2.2.tgz",
      "integrity": "sha1-ktcN64Ao4MOf8xZP2/TYsIgTDNc="
    },
    "node-fetch": {
      "version": "2.1.1",
      "resolved": "http://artifactory.labelinsight.com:80/artifactory/api/npm/npm-virtual/node-fetch/-/node-fetch-2.1.1.tgz",
      "integrity": "sha1-NpynC4L1DIZJYQSmx3bSdPTkotQ="
    },
    "source-map": {
      "version": "0.6.1",
      "resolved": "http://artifactory.labelinsight.com:80/artifactory/api/npm/npm-virtual/source-map/-/source-map-0.6.1.tgz",
      "integrity": "sha1-dHIq8y6WFOnCh6jQu95IteLxomM="
    },
    "source-map-support": {
      "version": "0.5.3",
      "resolved": "http://artifactory.labelinsight.com:80/artifactory/api/npm/npm-virtual/source-map-support/-/source-map-support-0.5.3.tgz",
      "integrity": "sha1-Kz1f/ymM+k0a/X1DUtVp6aAVjnY=",
      "requires": {
        "source-map": "0.6.1"
      }
    },
    "uuid": {
      "version": "3.2.1",
      "resolved": "http://artifactory.labelinsight.com:80/artifactory/api/npm/npm-virtual/uuid/-/uuid-3.2.1.tgz",
      "integrity": "sha1-EsUou51Y0LkmXZovbw/ovhf/HxQ="
    },
    "zen-observable": {
      "version": "0.7.1",
      "resolved": "http://artifactory.labelinsight.com:80/artifactory/api/npm/npm-virtual/zen-observable/-/zen-observable-0.7.1.tgz",
      "integrity": "sha1-+EB1wO4IVZTTVm4dZFQgfxJkEbM="
    },
    "zen-observable-ts": {
      "version": "0.8.8",
      "resolved": "http://artifactory.labelinsight.com:80/artifactory/api/npm/npm-virtual/zen-observable-ts/-/zen-observable-ts-0.8.8.tgz",
      "integrity": "sha1-GlhtwgT6VjKogFf4eVAODSugaGk=",
      "requires": {
        "zen-observable": "0.7.1"
      }
    }
  }
}
